
Microsoft Visual Studio Solution File, Format Version 12.00
# Visual Studio 15
VisualStudioVersion = 15.0.27703.2000
MinimumVisualStudioVersion = 10.0.40219.1
Project("{2150E333-8FDC-42A3-9474-1A3956D46DE8}") = "Tests", "Tests", "{B4CC1DAB-FF2D-4247-9A46-B7DE236981BB}"
	ProjectSection(SolutionItems) = preProject
		Tests\linq2db.runsettings = Tests\linq2db.runsettings
	EndProjectSection
EndProject
Project("{2150E333-8FDC-42A3-9474-1A3956D46DE8}") = ".doc", ".doc", "{751CE0BA-690F-42BF-94C7-C8276F8A84CF}"
	ProjectSection(SolutionItems) = preProject
		MIT-LICENSE.txt = MIT-LICENSE.txt
		README.md = README.md
	EndProjectSection
EndProject
Project("{9A19103F-16F7-4668-BE54-9A1E7A4F7556}") = "LinqToDB.DataProvider.DB2iSeries", "ISeriesProvider\LinqToDB.DataProvider.DB2iSeries.csproj", "{3E19DA8D-056C-4F05-B976-698498311FC2}"
EndProject
Project("{9A19103F-16F7-4668-BE54-9A1E7A4F7556}") = "Tests.Base", "Tests\Base\Tests.Base.csproj", "{D938B88E-CD22-4FF4-989E-A84B414DFEAE}"
EndProject
Project("{9A19103F-16F7-4668-BE54-9A1E7A4F7556}") = "Tests.Model", "Tests\Model\Tests.Model.csproj", "{06EB7055-1B80-4D28-ABA3-64226076E1DE}"
EndProject
Project("{778DAE3C-4631-46EA-AA77-85C1314464D9}") = "Tests.VisualBasic", "Tests\VisualBasic\Tests.VisualBasic.vbproj", "{A93E6644-5E4D-40F3-B557-52A9066B5940}"
EndProject
Project("{9A19103F-16F7-4668-BE54-9A1E7A4F7556}") = "Tests", "Tests\Linq\Tests.csproj", "{0C570479-D628-47BF-BC2B-3EFE244CDA67}"
EndProject
Project("{6EC3EE1D-3C4E-46DD-8F32-0CC8E7565705}") = "Tests.FSharp", "Tests\FSharp\Tests.FSharp.fsproj", "{23635427-BDD0-478B-9BDA-D9AA87A9873B}"
EndProject
Project("{FAE04EC0-301F-11D3-BF4B-00C04F79EFBC}") = "LinqToDB.DataProvider.DB2iSeries.DB2Connect", "LinqToDB.DataProvider.DB2iSeries.DB2Connect\LinqToDB.DataProvider.DB2iSeries.DB2Connect.csproj", "{C4B13B65-6DC4-4589-B46F-4B7BE32FFF88}"
EndProject
Global
	GlobalSection(SolutionConfigurationPlatforms) = preSolution
		Debug|Any CPU = Debug|Any CPU
		Debug|ARM = Debug|ARM
		Debug|x64 = Debug|x64
		Debug|x86 = Debug|x86
		Release|Any CPU = Release|Any CPU
		Release|ARM = Release|ARM
		Release|x64 = Release|x64
		Release|x86 = Release|x86
	EndGlobalSection
	GlobalSection(ProjectConfigurationPlatforms) = postSolution
		{3E19DA8D-056C-4F05-B976-698498311FC2}.Debug|Any CPU.ActiveCfg = Debug|Any CPU
		{3E19DA8D-056C-4F05-B976-698498311FC2}.Debug|Any CPU.Build.0 = Debug|Any CPU
		{3E19DA8D-056C-4F05-B976-698498311FC2}.Debug|ARM.ActiveCfg = Debug|Any CPU
		{3E19DA8D-056C-4F05-B976-698498311FC2}.Debug|ARM.Build.0 = Debug|Any CPU
		{3E19DA8D-056C-4F05-B976-698498311FC2}.Debug|x64.ActiveCfg = Debug|Any CPU
		{3E19DA8D-056C-4F05-B976-698498311FC2}.Debug|x64.Build.0 = Debug|Any CPU
		{3E19DA8D-056C-4F05-B976-698498311FC2}.Debug|x86.ActiveCfg = Debug|Any CPU
		{3E19DA8D-056C-4F05-B976-698498311FC2}.Debug|x86.Build.0 = Debug|Any CPU
		{3E19DA8D-056C-4F05-B976-698498311FC2}.Release|Any CPU.ActiveCfg = Release|Any CPU
		{3E19DA8D-056C-4F05-B976-698498311FC2}.Release|Any CPU.Build.0 = Release|Any CPU
		{3E19DA8D-056C-4F05-B976-698498311FC2}.Release|ARM.ActiveCfg = Release|Any CPU
		{3E19DA8D-056C-4F05-B976-698498311FC2}.Release|ARM.Build.0 = Release|Any CPU
		{3E19DA8D-056C-4F05-B976-698498311FC2}.Release|x64.ActiveCfg = Release|Any CPU
		{3E19DA8D-056C-4F05-B976-698498311FC2}.Release|x64.Build.0 = Release|Any CPU
		{3E19DA8D-056C-4F05-B976-698498311FC2}.Release|x86.ActiveCfg = Release|Any CPU
		{3E19DA8D-056C-4F05-B976-698498311FC2}.Release|x86.Build.0 = Release|Any CPU
		{D938B88E-CD22-4FF4-989E-A84B414DFEAE}.Debug|Any CPU.ActiveCfg = Debug|Any CPU
		{D938B88E-CD22-4FF4-989E-A84B414DFEAE}.Debug|Any CPU.Build.0 = Debug|Any CPU
		{D938B88E-CD22-4FF4-989E-A84B414DFEAE}.Debug|ARM.ActiveCfg = Debug|Any CPU
		{D938B88E-CD22-4FF4-989E-A84B414DFEAE}.Debug|ARM.Build.0 = Debug|Any CPU
		{D938B88E-CD22-4FF4-989E-A84B414DFEAE}.Debug|x64.ActiveCfg = Debug|Any CPU
		{D938B88E-CD22-4FF4-989E-A84B414DFEAE}.Debug|x64.Build.0 = Debug|Any CPU
		{D938B88E-CD22-4FF4-989E-A84B414DFEAE}.Debug|x86.ActiveCfg = Debug|Any CPU
		{D938B88E-CD22-4FF4-989E-A84B414DFEAE}.Debug|x86.Build.0 = Debug|Any CPU
		{D938B88E-CD22-4FF4-989E-A84B414DFEAE}.Release|Any CPU.ActiveCfg = Release|Any CPU
		{D938B88E-CD22-4FF4-989E-A84B414DFEAE}.Release|Any CPU.Build.0 = Release|Any CPU
		{D938B88E-CD22-4FF4-989E-A84B414DFEAE}.Release|ARM.ActiveCfg = Release|Any CPU
		{D938B88E-CD22-4FF4-989E-A84B414DFEAE}.Release|ARM.Build.0 = Release|Any CPU
		{D938B88E-CD22-4FF4-989E-A84B414DFEAE}.Release|x64.ActiveCfg = Release|Any CPU
		{D938B88E-CD22-4FF4-989E-A84B414DFEAE}.Release|x64.Build.0 = Release|Any CPU
		{D938B88E-CD22-4FF4-989E-A84B414DFEAE}.Release|x86.ActiveCfg = Release|Any CPU
		{D938B88E-CD22-4FF4-989E-A84B414DFEAE}.Release|x86.Build.0 = Release|Any CPU
		{06EB7055-1B80-4D28-ABA3-64226076E1DE}.Debug|Any CPU.ActiveCfg = Debug|Any CPU
		{06EB7055-1B80-4D28-ABA3-64226076E1DE}.Debug|Any CPU.Build.0 = Debug|Any CPU
		{06EB7055-1B80-4D28-ABA3-64226076E1DE}.Debug|ARM.ActiveCfg = Debug|Any CPU
		{06EB7055-1B80-4D28-ABA3-64226076E1DE}.Debug|ARM.Build.0 = Debug|Any CPU
		{06EB7055-1B80-4D28-ABA3-64226076E1DE}.Debug|x64.ActiveCfg = Debug|Any CPU
		{06EB7055-1B80-4D28-ABA3-64226076E1DE}.Debug|x64.Build.0 = Debug|Any CPU
		{06EB7055-1B80-4D28-ABA3-64226076E1DE}.Debug|x86.ActiveCfg = Debug|Any CPU
		{06EB7055-1B80-4D28-ABA3-64226076E1DE}.Debug|x86.Build.0 = Debug|Any CPU
		{06EB7055-1B80-4D28-ABA3-64226076E1DE}.Release|Any CPU.ActiveCfg = Release|Any CPU
		{06EB7055-1B80-4D28-ABA3-64226076E1DE}.Release|Any CPU.Build.0 = Release|Any CPU
		{06EB7055-1B80-4D28-ABA3-64226076E1DE}.Release|ARM.ActiveCfg = Release|Any CPU
		{06EB7055-1B80-4D28-ABA3-64226076E1DE}.Release|ARM.Build.0 = Release|Any CPU
		{06EB7055-1B80-4D28-ABA3-64226076E1DE}.Release|x64.ActiveCfg = Release|Any CPU
		{06EB7055-1B80-4D28-ABA3-64226076E1DE}.Release|x64.Build.0 = Release|Any CPU
		{06EB7055-1B80-4D28-ABA3-64226076E1DE}.Release|x86.ActiveCfg = Release|Any CPU
		{06EB7055-1B80-4D28-ABA3-64226076E1DE}.Release|x86.Build.0 = Release|Any CPU
		{A93E6644-5E4D-40F3-B557-52A9066B5940}.Debug|Any CPU.ActiveCfg = Debug|Any CPU
		{A93E6644-5E4D-40F3-B557-52A9066B5940}.Debug|Any CPU.Build.0 = Debug|Any CPU
		{A93E6644-5E4D-40F3-B557-52A9066B5940}.Debug|ARM.ActiveCfg = Debug|Any CPU
		{A93E6644-5E4D-40F3-B557-52A9066B5940}.Debug|ARM.Build.0 = Debug|Any CPU
		{A93E6644-5E4D-40F3-B557-52A9066B5940}.Debug|x64.ActiveCfg = Debug|Any CPU
		{A93E6644-5E4D-40F3-B557-52A9066B5940}.Debug|x64.Build.0 = Debug|Any CPU
		{A93E6644-5E4D-40F3-B557-52A9066B5940}.Debug|x86.ActiveCfg = Debug|Any CPU
		{A93E6644-5E4D-40F3-B557-52A9066B5940}.Debug|x86.Build.0 = Debug|Any CPU
		{A93E6644-5E4D-40F3-B557-52A9066B5940}.Release|Any CPU.ActiveCfg = Release|Any CPU
		{A93E6644-5E4D-40F3-B557-52A9066B5940}.Release|Any CPU.Build.0 = Release|Any CPU
		{A93E6644-5E4D-40F3-B557-52A9066B5940}.Release|ARM.ActiveCfg = Release|Any CPU
		{A93E6644-5E4D-40F3-B557-52A9066B5940}.Release|ARM.Build.0 = Release|Any CPU
		{A93E6644-5E4D-40F3-B557-52A9066B5940}.Release|x64.ActiveCfg = Release|Any CPU
		{A93E6644-5E4D-40F3-B557-52A9066B5940}.Release|x64.Build.0 = Release|Any CPU
		{A93E6644-5E4D-40F3-B557-52A9066B5940}.Release|x86.ActiveCfg = Release|Any CPU
		{A93E6644-5E4D-40F3-B557-52A9066B5940}.Release|x86.Build.0 = Release|Any CPU
		{0C570479-D628-47BF-BC2B-3EFE244CDA67}.Debug|Any CPU.ActiveCfg = Debug|Any CPU
		{0C570479-D628-47BF-BC2B-3EFE244CDA67}.Debug|Any CPU.Build.0 = Debug|Any CPU
		{0C570479-D628-47BF-BC2B-3EFE244CDA67}.Debug|ARM.ActiveCfg = Debug|Any CPU
		{0C570479-D628-47BF-BC2B-3EFE244CDA67}.Debug|ARM.Build.0 = Debug|Any CPU
		{0C570479-D628-47BF-BC2B-3EFE244CDA67}.Debug|x64.ActiveCfg = Debug|Any CPU
		{0C570479-D628-47BF-BC2B-3EFE244CDA67}.Debug|x64.Build.0 = Debug|Any CPU
		{0C570479-D628-47BF-BC2B-3EFE244CDA67}.Debug|x86.ActiveCfg = Debug|Any CPU
		{0C570479-D628-47BF-BC2B-3EFE244CDA67}.Debug|x86.Build.0 = Debug|Any CPU
		{0C570479-D628-47BF-BC2B-3EFE244CDA67}.Release|Any CPU.ActiveCfg = Release|Any CPU
		{0C570479-D628-47BF-BC2B-3EFE244CDA67}.Release|Any CPU.Build.0 = Release|Any CPU
		{0C570479-D628-47BF-BC2B-3EFE244CDA67}.Release|ARM.ActiveCfg = Release|Any CPU
		{0C570479-D628-47BF-BC2B-3EFE244CDA67}.Release|ARM.Build.0 = Release|Any CPU
		{0C570479-D628-47BF-BC2B-3EFE244CDA67}.Release|x64.ActiveCfg = Release|Any CPU
		{0C570479-D628-47BF-BC2B-3EFE244CDA67}.Release|x64.Build.0 = Release|Any CPU
		{0C570479-D628-47BF-BC2B-3EFE244CDA67}.Release|x86.ActiveCfg = Release|Any CPU
		{0C570479-D628-47BF-BC2B-3EFE244CDA67}.Release|x86.Build.0 = Release|Any CPU
		{23635427-BDD0-478B-9BDA-D9AA87A9873B}.Debug|Any CPU.ActiveCfg = Debug|Any CPU
		{23635427-BDD0-478B-9BDA-D9AA87A9873B}.Debug|Any CPU.Build.0 = Debug|Any CPU
		{23635427-BDD0-478B-9BDA-D9AA87A9873B}.Debug|ARM.ActiveCfg = Debug|Any CPU
		{23635427-BDD0-478B-9BDA-D9AA87A9873B}.Debug|ARM.Build.0 = Debug|Any CPU
		{23635427-BDD0-478B-9BDA-D9AA87A9873B}.Debug|x64.ActiveCfg = Debug|Any CPU
		{23635427-BDD0-478B-9BDA-D9AA87A9873B}.Debug|x64.Build.0 = Debug|Any CPU
		{23635427-BDD0-478B-9BDA-D9AA87A9873B}.Debug|x86.ActiveCfg = Debug|Any CPU
		{23635427-BDD0-478B-9BDA-D9AA87A9873B}.Debug|x86.Build.0 = Debug|Any CPU
		{23635427-BDD0-478B-9BDA-D9AA87A9873B}.Release|Any CPU.ActiveCfg = Release|Any CPU
		{23635427-BDD0-478B-9BDA-D9AA87A9873B}.Release|Any CPU.Build.0 = Release|Any CPU
		{23635427-BDD0-478B-9BDA-D9AA87A9873B}.Release|ARM.ActiveCfg = Release|Any CPU
		{23635427-BDD0-478B-9BDA-D9AA87A9873B}.Release|ARM.Build.0 = Release|Any CPU
		{23635427-BDD0-478B-9BDA-D9AA87A9873B}.Release|x64.ActiveCfg = Release|Any CPU
		{23635427-BDD0-478B-9BDA-D9AA87A9873B}.Release|x64.Build.0 = Release|Any CPU
		{23635427-BDD0-478B-9BDA-D9AA87A9873B}.Release|x86.ActiveCfg = Release|Any CPU
		{23635427-BDD0-478B-9BDA-D9AA87A9873B}.Release|x86.Build.0 = Release|Any CPU
		{C4B13B65-6DC4-4589-B46F-4B7BE32FFF88}.Debug|Any CPU.ActiveCfg = Debug|Any CPU
		{C4B13B65-6DC4-4589-B46F-4B7BE32FFF88}.Debug|Any CPU.Build.0 = Debug|Any CPU
		{C4B13B65-6DC4-4589-B46F-4B7BE32FFF88}.Debug|ARM.ActiveCfg = Debug|Any CPU
		{C4B13B65-6DC4-4589-B46F-4B7BE32FFF88}.Debug|ARM.Build.0 = Debug|Any CPU
		{C4B13B65-6DC4-4589-B46F-4B7BE32FFF88}.Debug|x64.ActiveCfg = Debug|Any CPU
		{C4B13B65-6DC4-4589-B46F-4B7BE32FFF88}.Debug|x64.Build.0 = Debug|Any CPU
		{C4B13B65-6DC4-4589-B46F-4B7BE32FFF88}.Debug|x86.ActiveCfg = Debug|Any CPU
		{C4B13B65-6DC4-4589-B46F-4B7BE32FFF88}.Debug|x86.Build.0 = Debug|Any CPU
		{C4B13B65-6DC4-4589-B46F-4B7BE32FFF88}.Release|Any CPU.ActiveCfg = Release|Any CPU
		{C4B13B65-6DC4-4589-B46F-4B7BE32FFF88}.Release|Any CPU.Build.0 = Release|Any CPU
		{C4B13B65-6DC4-4589-B46F-4B7BE32FFF88}.Release|ARM.ActiveCfg = Release|Any CPU
		{C4B13B65-6DC4-4589-B46F-4B7BE32FFF88}.Release|ARM.Build.0 = Release|Any CPU
		{C4B13B65-6DC4-4589-B46F-4B7BE32FFF88}.Release|x64.ActiveCfg = Release|Any CPU
		{C4B13B65-6DC4-4589-B46F-4B7BE32FFF88}.Release|x64.Build.0 = Release|Any CPU
		{C4B13B65-6DC4-4589-B46F-4B7BE32FFF88}.Release|x86.ActiveCfg = Release|Any CPU
		{C4B13B65-6DC4-4589-B46F-4B7BE32FFF88}.Release|x86.Build.0 = Release|Any CPU
	EndGlobalSection
	GlobalSection(SolutionProperties) = preSolution
		HideSolutionNode = FALSE
	EndGlobalSection
	GlobalSection(NestedProjects) = preSolution
		{D938B88E-CD22-4FF4-989E-A84B414DFEAE} = {B4CC1DAB-FF2D-4247-9A46-B7DE236981BB}
		{06EB7055-1B80-4D28-ABA3-64226076E1DE} = {B4CC1DAB-FF2D-4247-9A46-B7DE236981BB}
		{A93E6644-5E4D-40F3-B557-52A9066B5940} = {B4CC1DAB-FF2D-4247-9A46-B7DE236981BB}
		{0C570479-D628-47BF-BC2B-3EFE244CDA67} = {B4CC1DAB-FF2D-4247-9A46-B7DE236981BB}
		{23635427-BDD0-478B-9BDA-D9AA87A9873B} = {B4CC1DAB-FF2D-4247-9A46-B7DE236981BB}
	EndGlobalSection
	GlobalSection(ExtensibilityGlobals) = postSolution
		SolutionGuid = {334BAC6F-4ED5-494B-B055-50DEB133AE6A}
	EndGlobalSection
EndGlobal
