
Microsoft Visual Studio Solution File, Format Version 12.00
# Visual Studio Version 16
VisualStudioVersion = 16.0.30204.135
MinimumVisualStudioVersion = 10.0.40219.1
Project("{2150E333-8FDC-42A3-9474-1A3956D46DE8}") = "Tests", "Tests", "{B4CC1DAB-FF2D-4247-9A46-B7DE236981BB}"
EndProject
Project("{2150E333-8FDC-42A3-9474-1A3956D46DE8}") = ".doc", ".doc", "{751CE0BA-690F-42BF-94C7-C8276F8A84CF}"
	ProjectSection(SolutionItems) = preProject
		MIT-LICENSE.txt = MIT-LICENSE.txt
		README.md = README.md
	EndProjectSection
EndProject
Project("{9A19103F-16F7-4668-BE54-9A1E7A4F7556}") = "LinqToDB.DataProvider.DB2iSeries", "Source\ISeriesProvider\LinqToDB.DataProvider.DB2iSeries.csproj", "{3E19DA8D-056C-4F05-B976-698498311FC2}"
EndProject
Project("{9A19103F-16F7-4668-BE54-9A1E7A4F7556}") = "Tests.Base", "Tests\Base\Tests.Base.csproj", "{D938B88E-CD22-4FF4-989E-A84B414DFEAE}"
EndProject
Project("{9A19103F-16F7-4668-BE54-9A1E7A4F7556}") = "Tests.Model", "Tests\Model\Tests.Model.csproj", "{06EB7055-1B80-4D28-ABA3-64226076E1DE}"
EndProject
Project("{9A19103F-16F7-4668-BE54-9A1E7A4F7556}") = "Tests", "Tests\Linq\Tests.csproj", "{0C570479-D628-47BF-BC2B-3EFE244CDA67}"
EndProject
Project("{9A19103F-16F7-4668-BE54-9A1E7A4F7556}") = "LinqToDB.Tools", "Tests\LinqToDB.Tools\LinqToDB.Tools.csproj", "{B702C064-F6E3-4CAB-A884-CAB999C6E4BF}"
EndProject
Project("{9A19103F-16F7-4668-BE54-9A1E7A4F7556}") = "LinqToDB.AspNet", "Tests\LinqToDB.AspNet\LinqToDB.AspNet.csproj", "{7913919D-F2C2-49E8-A321-8373412784AB}"
EndProject
Project("{2150E333-8FDC-42A3-9474-1A3956D46DE8}") = "build", "build", "{84F173B5-E165-4BAC-8EDF-FC7DE0D863BA}"
	ProjectSection(SolutionItems) = preProject
		Build\linq2db.Default.props = Build\linq2db.Default.props
		Build\linq2db.Source.props = Build\linq2db.Source.props
		Build\linq2db.Tests.props = Build\linq2db.Tests.props
		Build\linq2db.Tests.Providers.props = Build\linq2db.Tests.Providers.props
	EndProjectSection
EndProject
Global
	GlobalSection(SolutionConfigurationPlatforms) = preSolution
		Debug|Any CPU = Debug|Any CPU
		Debug|ARM = Debug|ARM
		Debug|x64 = Debug|x64
		Debug|x86 = Debug|x86
		Release|Any CPU = Release|Any CPU
		Release|ARM = Release|ARM
		Release|x64 = Release|x64
		Release|x86 = Release|x86
	EndGlobalSection
	GlobalSection(ProjectConfigurationPlatforms) = postSolution
		{3E19DA8D-056C-4F05-B976-698498311FC2}.Debug|Any CPU.ActiveCfg = Debug|Any CPU
		{3E19DA8D-056C-4F05-B976-698498311FC2}.Debug|Any CPU.Build.0 = Debug|Any CPU
		{3E19DA8D-056C-4F05-B976-698498311FC2}.Debug|ARM.ActiveCfg = Debug|Any CPU
		{3E19DA8D-056C-4F05-B976-698498311FC2}.Debug|ARM.Build.0 = Debug|Any CPU
		{3E19DA8D-056C-4F05-B976-698498311FC2}.Debug|x64.ActiveCfg = Debug|Any CPU
		{3E19DA8D-056C-4F05-B976-698498311FC2}.Debug|x64.Build.0 = Debug|Any CPU
		{3E19DA8D-056C-4F05-B976-698498311FC2}.Debug|x86.ActiveCfg = Debug|Any CPU
		{3E19DA8D-056C-4F05-B976-698498311FC2}.Debug|x86.Build.0 = Debug|Any CPU
		{3E19DA8D-056C-4F05-B976-698498311FC2}.Release|Any CPU.ActiveCfg = Release|Any CPU
		{3E19DA8D-056C-4F05-B976-698498311FC2}.Release|Any CPU.Build.0 = Release|Any CPU
		{3E19DA8D-056C-4F05-B976-698498311FC2}.Release|ARM.ActiveCfg = Release|Any CPU
		{3E19DA8D-056C-4F05-B976-698498311FC2}.Release|ARM.Build.0 = Release|Any CPU
		{3E19DA8D-056C-4F05-B976-698498311FC2}.Release|x64.ActiveCfg = Release|Any CPU
		{3E19DA8D-056C-4F05-B976-698498311FC2}.Release|x64.Build.0 = Release|Any CPU
		{3E19DA8D-056C-4F05-B976-698498311FC2}.Release|x86.ActiveCfg = Release|Any CPU
		{3E19DA8D-056C-4F05-B976-698498311FC2}.Release|x86.Build.0 = Release|Any CPU
		{D938B88E-CD22-4FF4-989E-A84B414DFEAE}.Debug|Any CPU.ActiveCfg = Debug|Any CPU
		{D938B88E-CD22-4FF4-989E-A84B414DFEAE}.Debug|Any CPU.Build.0 = Debug|Any CPU
		{D938B88E-CD22-4FF4-989E-A84B414DFEAE}.Debug|ARM.ActiveCfg = Debug|Any CPU
		{D938B88E-CD22-4FF4-989E-A84B414DFEAE}.Debug|ARM.Build.0 = Debug|Any CPU
		{D938B88E-CD22-4FF4-989E-A84B414DFEAE}.Debug|x64.ActiveCfg = Debug|Any CPU
		{D938B88E-CD22-4FF4-989E-A84B414DFEAE}.Debug|x64.Build.0 = Debug|Any CPU
		{D938B88E-CD22-4FF4-989E-A84B414DFEAE}.Debug|x86.ActiveCfg = Debug|Any CPU
		{D938B88E-CD22-4FF4-989E-A84B414DFEAE}.Debug|x86.Build.0 = Debug|Any CPU
		{D938B88E-CD22-4FF4-989E-A84B414DFEAE}.Release|Any CPU.ActiveCfg = Release|Any CPU
		{D938B88E-CD22-4FF4-989E-A84B414DFEAE}.Release|Any CPU.Build.0 = Release|Any CPU
		{D938B88E-CD22-4FF4-989E-A84B414DFEAE}.Release|ARM.ActiveCfg = Release|Any CPU
		{D938B88E-CD22-4FF4-989E-A84B414DFEAE}.Release|ARM.Build.0 = Release|Any CPU
		{D938B88E-CD22-4FF4-989E-A84B414DFEAE}.Release|x64.ActiveCfg = Release|Any CPU
		{D938B88E-CD22-4FF4-989E-A84B414DFEAE}.Release|x64.Build.0 = Release|Any CPU
		{D938B88E-CD22-4FF4-989E-A84B414DFEAE}.Release|x86.ActiveCfg = Release|Any CPU
		{D938B88E-CD22-4FF4-989E-A84B414DFEAE}.Release|x86.Build.0 = Release|Any CPU
		{06EB7055-1B80-4D28-ABA3-64226076E1DE}.Debug|Any CPU.ActiveCfg = Debug|Any CPU
		{06EB7055-1B80-4D28-ABA3-64226076E1DE}.Debug|Any CPU.Build.0 = Debug|Any CPU
		{06EB7055-1B80-4D28-ABA3-64226076E1DE}.Debug|ARM.ActiveCfg = Debug|Any CPU
		{06EB7055-1B80-4D28-ABA3-64226076E1DE}.Debug|ARM.Build.0 = Debug|Any CPU
		{06EB7055-1B80-4D28-ABA3-64226076E1DE}.Debug|x64.ActiveCfg = Debug|Any CPU
		{06EB7055-1B80-4D28-ABA3-64226076E1DE}.Debug|x64.Build.0 = Debug|Any CPU
		{06EB7055-1B80-4D28-ABA3-64226076E1DE}.Debug|x86.ActiveCfg = Debug|Any CPU
		{06EB7055-1B80-4D28-ABA3-64226076E1DE}.Debug|x86.Build.0 = Debug|Any CPU
		{06EB7055-1B80-4D28-ABA3-64226076E1DE}.Release|Any CPU.ActiveCfg = Release|Any CPU
		{06EB7055-1B80-4D28-ABA3-64226076E1DE}.Release|Any CPU.Build.0 = Release|Any CPU
		{06EB7055-1B80-4D28-ABA3-64226076E1DE}.Release|ARM.ActiveCfg = Release|Any CPU
		{06EB7055-1B80-4D28-ABA3-64226076E1DE}.Release|ARM.Build.0 = Release|Any CPU
		{06EB7055-1B80-4D28-ABA3-64226076E1DE}.Release|x64.ActiveCfg = Release|Any CPU
		{06EB7055-1B80-4D28-ABA3-64226076E1DE}.Release|x64.Build.0 = Release|Any CPU
		{06EB7055-1B80-4D28-ABA3-64226076E1DE}.Release|x86.ActiveCfg = Release|Any CPU
		{06EB7055-1B80-4D28-ABA3-64226076E1DE}.Release|x86.Build.0 = Release|Any CPU
		{0C570479-D628-47BF-BC2B-3EFE244CDA67}.Debug|Any CPU.ActiveCfg = Debug|Any CPU
		{0C570479-D628-47BF-BC2B-3EFE244CDA67}.Debug|Any CPU.Build.0 = Debug|Any CPU
		{0C570479-D628-47BF-BC2B-3EFE244CDA67}.Debug|ARM.ActiveCfg = Debug|Any CPU
		{0C570479-D628-47BF-BC2B-3EFE244CDA67}.Debug|ARM.Build.0 = Debug|Any CPU
		{0C570479-D628-47BF-BC2B-3EFE244CDA67}.Debug|x64.ActiveCfg = Debug|Any CPU
		{0C570479-D628-47BF-BC2B-3EFE244CDA67}.Debug|x64.Build.0 = Debug|Any CPU
		{0C570479-D628-47BF-BC2B-3EFE244CDA67}.Debug|x86.ActiveCfg = Debug|Any CPU
		{0C570479-D628-47BF-BC2B-3EFE244CDA67}.Debug|x86.Build.0 = Debug|Any CPU
		{0C570479-D628-47BF-BC2B-3EFE244CDA67}.Release|Any CPU.ActiveCfg = Release|Any CPU
		{0C570479-D628-47BF-BC2B-3EFE244CDA67}.Release|Any CPU.Build.0 = Release|Any CPU
		{0C570479-D628-47BF-BC2B-3EFE244CDA67}.Release|ARM.ActiveCfg = Release|Any CPU
		{0C570479-D628-47BF-BC2B-3EFE244CDA67}.Release|ARM.Build.0 = Release|Any CPU
		{0C570479-D628-47BF-BC2B-3EFE244CDA67}.Release|x64.ActiveCfg = Release|Any CPU
		{0C570479-D628-47BF-BC2B-3EFE244CDA67}.Release|x64.Build.0 = Release|Any CPU
		{0C570479-D628-47BF-BC2B-3EFE244CDA67}.Release|x86.ActiveCfg = Release|Any CPU
		{0C570479-D628-47BF-BC2B-3EFE244CDA67}.Release|x86.Build.0 = Release|Any CPU
		{B702C064-F6E3-4CAB-A884-CAB999C6E4BF}.Debug|Any CPU.ActiveCfg = Debug|Any CPU
		{B702C064-F6E3-4CAB-A884-CAB999C6E4BF}.Debug|Any CPU.Build.0 = Debug|Any CPU
		{B702C064-F6E3-4CAB-A884-CAB999C6E4BF}.Debug|ARM.ActiveCfg = Debug|Any CPU
		{B702C064-F6E3-4CAB-A884-CAB999C6E4BF}.Debug|ARM.Build.0 = Debug|Any CPU
		{B702C064-F6E3-4CAB-A884-CAB999C6E4BF}.Debug|x64.ActiveCfg = Debug|Any CPU
		{B702C064-F6E3-4CAB-A884-CAB999C6E4BF}.Debug|x64.Build.0 = Debug|Any CPU
		{B702C064-F6E3-4CAB-A884-CAB999C6E4BF}.Debug|x86.ActiveCfg = Debug|Any CPU
		{B702C064-F6E3-4CAB-A884-CAB999C6E4BF}.Debug|x86.Build.0 = Debug|Any CPU
		{B702C064-F6E3-4CAB-A884-CAB999C6E4BF}.Release|Any CPU.ActiveCfg = Release|Any CPU
		{B702C064-F6E3-4CAB-A884-CAB999C6E4BF}.Release|Any CPU.Build.0 = Release|Any CPU
		{B702C064-F6E3-4CAB-A884-CAB999C6E4BF}.Release|ARM.ActiveCfg = Release|Any CPU
		{B702C064-F6E3-4CAB-A884-CAB999C6E4BF}.Release|ARM.Build.0 = Release|Any CPU
		{B702C064-F6E3-4CAB-A884-CAB999C6E4BF}.Release|x64.ActiveCfg = Release|Any CPU
		{B702C064-F6E3-4CAB-A884-CAB999C6E4BF}.Release|x64.Build.0 = Release|Any CPU
		{B702C064-F6E3-4CAB-A884-CAB999C6E4BF}.Release|x86.ActiveCfg = Release|Any CPU
		{B702C064-F6E3-4CAB-A884-CAB999C6E4BF}.Release|x86.Build.0 = Release|Any CPU
		{7913919D-F2C2-49E8-A321-8373412784AB}.Debug|Any CPU.ActiveCfg = Debug|Any CPU
		{7913919D-F2C2-49E8-A321-8373412784AB}.Debug|Any CPU.Build.0 = Debug|Any CPU
		{7913919D-F2C2-49E8-A321-8373412784AB}.Debug|ARM.ActiveCfg = Debug|Any CPU
		{7913919D-F2C2-49E8-A321-8373412784AB}.Debug|ARM.Build.0 = Debug|Any CPU
		{7913919D-F2C2-49E8-A321-8373412784AB}.Debug|x64.ActiveCfg = Debug|Any CPU
		{7913919D-F2C2-49E8-A321-8373412784AB}.Debug|x64.Build.0 = Debug|Any CPU
		{7913919D-F2C2-49E8-A321-8373412784AB}.Debug|x86.ActiveCfg = Debug|Any CPU
		{7913919D-F2C2-49E8-A321-8373412784AB}.Debug|x86.Build.0 = Debug|Any CPU
		{7913919D-F2C2-49E8-A321-8373412784AB}.Release|Any CPU.ActiveCfg = Release|Any CPU
		{7913919D-F2C2-49E8-A321-8373412784AB}.Release|Any CPU.Build.0 = Release|Any CPU
		{7913919D-F2C2-49E8-A321-8373412784AB}.Release|ARM.ActiveCfg = Release|Any CPU
		{7913919D-F2C2-49E8-A321-8373412784AB}.Release|ARM.Build.0 = Release|Any CPU
		{7913919D-F2C2-49E8-A321-8373412784AB}.Release|x64.ActiveCfg = Release|Any CPU
		{7913919D-F2C2-49E8-A321-8373412784AB}.Release|x64.Build.0 = Release|Any CPU
		{7913919D-F2C2-49E8-A321-8373412784AB}.Release|x86.ActiveCfg = Release|Any CPU
		{7913919D-F2C2-49E8-A321-8373412784AB}.Release|x86.Build.0 = Release|Any CPU
	EndGlobalSection
	GlobalSection(SolutionProperties) = preSolution
		HideSolutionNode = FALSE
	EndGlobalSection
	GlobalSection(NestedProjects) = preSolution
		{D938B88E-CD22-4FF4-989E-A84B414DFEAE} = {B4CC1DAB-FF2D-4247-9A46-B7DE236981BB}
		{06EB7055-1B80-4D28-ABA3-64226076E1DE} = {B4CC1DAB-FF2D-4247-9A46-B7DE236981BB}
		{0C570479-D628-47BF-BC2B-3EFE244CDA67} = {B4CC1DAB-FF2D-4247-9A46-B7DE236981BB}
		{B702C064-F6E3-4CAB-A884-CAB999C6E4BF} = {B4CC1DAB-FF2D-4247-9A46-B7DE236981BB}
		{7913919D-F2C2-49E8-A321-8373412784AB} = {B4CC1DAB-FF2D-4247-9A46-B7DE236981BB}
	EndGlobalSection
	GlobalSection(ExtensibilityGlobals) = postSolution
		SolutionGuid = {334BAC6F-4ED5-494B-B055-50DEB133AE6A}
	EndGlobalSection
EndGlobal
